// !$*UTF8*$!
{
	archiveVersion = 1;
	classes = {
	};
	objectVersion = 46;
	objects = {

/* Begin PBXBuildFile section */
		97D3AA8C1A2EBE90006C969C /* AppDelegate.swift in Sources */ = {isa = PBXBuildFile; fileRef = 97D3AA8B1A2EBE90006C969C /* AppDelegate.swift */; };
		97D3AA8E1A2EBE90006C969C /* ViewController.swift in Sources */ = {isa = PBXBuildFile; fileRef = 97D3AA8D1A2EBE90006C969C /* ViewController.swift */; };
		97D3AA911A2EBE91006C969C /* Main.storyboard in Resources */ = {isa = PBXBuildFile; fileRef = 97D3AA8F1A2EBE91006C969C /* Main.storyboard */; };
		97D3AA931A2EBE91006C969C /* Images.xcassets in Resources */ = {isa = PBXBuildFile; fileRef = 97D3AA921A2EBE91006C969C /* Images.xcassets */; };
		97D3AA961A2EBE91006C969C /* LaunchScreen.xib in Resources */ = {isa = PBXBuildFile; fileRef = 97D3AA941A2EBE91006C969C /* LaunchScreen.xib */; };
		97D3AAA21A2EBE91006C969C /* Learning_MapsTests.swift in Sources */ = {isa = PBXBuildFile; fileRef = 97D3AAA11A2EBE91006C969C /* Learning_MapsTests.swift */; };
/* End PBXBuildFile section */

/* Begin PBXContainerItemProxy section */
		97D3AA9C1A2EBE91006C969C /* PBXContainerItemProxy */ = {
			isa = PBXContainerItemProxy;
			containerPortal = 97D3AA7E1A2EBE90006C969C /* Project object */;
			proxyType = 1;
			remoteGlobalIDString = 97D3AA851A2EBE90006C969C;
			remoteInfo = "Learning Maps";
		};
/* End PBXContainerItemProxy section */

/* Begin PBXFileReference section */
		97D3AA861A2EBE90006C969C /* Learning Maps.app */ = {isa = PBXFileReference; explicitFileType = wrapper.application; includeInIndex = 0; path = "Learning Maps.app"; sourceTree = BUILT_PRODUCTS_DIR; };
		97D3AA8A1A2EBE90006C969C /* Info.plist */ = {isa = PBXFileReference; lastKnownFileType = text.plist.xml; path = Info.plist; sourceTree = "<group>"; };
		97D3AA8B1A2EBE90006C969C /* AppDelegate.swift */ = {isa = PBXFileReference; lastKnownFileType = sourcecode.swift; path = AppDelegate.swift; sourceTree = "<group>"; };
		97D3AA8D1A2EBE90006C969C /* ViewController.swift */ = {isa = PBXFileReference; lastKnownFileType = sourcecode.swift; path = ViewController.swift; sourceTree = "<group>"; };
		97D3AA901A2EBE91006C969C /* Base */ = {isa = PBXFileReference; lastKnownFileType = file.storyboard; name = Base; path = Base.lproj/Main.storyboard; sourceTree = "<group>"; };
		97D3AA921A2EBE91006C969C /* Images.xcassets */ = {isa = PBXFileReference; lastKnownFileType = folder.assetcatalog; path = Images.xcassets; sourceTree = "<group>"; };
		97D3AA951A2EBE91006C969C /* Base */ = {isa = PBXFileReference; lastKnownFileType = file.xib; name = Base; path = Base.lproj/LaunchScreen.xib; sourceTree = "<group>"; };
		97D3AA9B1A2EBE91006C969C /* Learning MapsTests.xctest */ = {isa = PBXFileReference; explicitFileType = wrapper.cfbundle; includeInIndex = 0; path = "Learning MapsTests.xctest"; sourceTree = BUILT_PRODUCTS_DIR; };
		97D3AAA01A2EBE91006C969C /* Info.plist */ = {isa = PBXFileReference; lastKnownFileType = text.plist.xml; path = Info.plist; sourceTree = "<group>"; };
		97D3AAA11A2EBE91006C969C /* Learning_MapsTests.swift */ = {isa = PBXFileReference; lastKnownFileType = sourcecode.swift; path = Learning_MapsTests.swift; sourceTree = "<group>"; };
/* End PBXFileReference section */

/* Begin PBXFrameworksBuildPhase section */
		97D3AA831A2EBE90006C969C /* Frameworks */ = {
			isa = PBXFrameworksBuildPhase;
			buildActionMask = 2147483647;
			files = (
			);
			runOnlyForDeploymentPostprocessing = 0;
		};
		97D3AA981A2EBE91006C969C /* Frameworks */ = {
			isa = PBXFrameworksBuildPhase;
			buildActionMask = 2147483647;
			files = (
			);
			runOnlyForDeploymentPostprocessing = 0;
		};
/* End PBXFrameworksBuildPhase section */

/* Begin PBXGroup section */
		97D3AA7D1A2EBE90006C969C = {
			isa = PBXGroup;
			children = (
				97D3AA881A2EBE90006C969C /* Learning Maps */,
				97D3AA9E1A2EBE91006C969C /* Learning MapsTests */,
				97D3AA871A2EBE90006C969C /* Products */,
			);
			sourceTree = "<group>";
		};
		97D3AA871A2EBE90006C969C /* Products */ = {
			isa = PBXGroup;
			children = (
				97D3AA861A2EBE90006C969C /* Learning Maps.app */,
				97D3AA9B1A2EBE91006C969C /* Learning MapsTests.xctest */,
			);
			name = Products;
			sourceTree = "<group>";
		};
		97D3AA881A2EBE90006C969C /* Learning Maps */ = {
			isa = PBXGroup;
			children = (
				97D3AA8B1A2EBE90006C969C /* AppDelegate.swift */,
				97D3AA8D1A2EBE90006C969C /* ViewController.swift */,
				97D3AA8F1A2EBE91006C969C /* Main.storyboard */,
				97D3AA921A2EBE91006C969C /* Images.xcassets */,
				97D3AA941A2EBE91006C969C /* LaunchScreen.xib */,
				97D3AA891A2EBE90006C969C /* Supporting Files */,
			);
			path = "Learning Maps";
			sourceTree = "<group>";
		};
		97D3AA891A2EBE90006C969C /* Supporting Files */ = {
			isa = PBXGroup;
			children = (
				97D3AA8A1A2EBE90006C969C /* Info.plist */,
			);
			name = "Supporting Files";
			sourceTree = "<group>";
		};
		97D3AA9E1A2EBE91006C969C /* Learning MapsTests */ = {
			isa = PBXGroup;
			children = (
				97D3AAA11A2EBE91006C969C /* Learning_MapsTests.swift */,
				97D3AA9F1A2EBE91006C969C /* Supporting Files */,
			);
			path = "Learning MapsTests";
			sourceTree = "<group>";
		};
		97D3AA9F1A2EBE91006C969C /* Supporting Files */ = {
			isa = PBXGroup;
			children = (
				97D3AAA01A2EBE91006C969C /* Info.plist */,
			);
			name = "Supporting Files";
			sourceTree = "<group>";
		};
/* End PBXGroup section */

/* Begin PBXNativeTarget section */
		97D3AA851A2EBE90006C969C /* Learning Maps */ = {
			isa = PBXNativeTarget;
			buildConfigurationList = 97D3AAA51A2EBE91006C969C /* Build configuration list for PBXNativeTarget "Learning Maps" */;
			buildPhases = (
				97D3AA821A2EBE90006C969C /* Sources */,
				97D3AA831A2EBE90006C969C /* Frameworks */,
				97D3AA841A2EBE90006C969C /* Resources */,
			);
			buildRules = (
			);
			dependencies = (
			);
			name = "Learning Maps";
			productName = "Learning Maps";
			productReference = 97D3AA861A2EBE90006C969C /* Learning Maps.app */;
			productType = "com.apple.product-type.application";
		};
		97D3AA9A1A2EBE91006C969C /* Learning MapsTests */ = {
			isa = PBXNativeTarget;
			buildConfigurationList = 97D3AAA81A2EBE91006C969C /* Build configuration list for PBXNativeTarget "Learning MapsTests" */;
			buildPhases = (
				97D3AA971A2EBE91006C969C /* Sources */,
				97D3AA981A2EBE91006C969C /* Frameworks */,
				97D3AA991A2EBE91006C969C /* Resources */,
			);
			buildRules = (
			);
			dependencies = (
				97D3AA9D1A2EBE91006C969C /* PBXTargetDependency */,
			);
			name = "Learning MapsTests";
			productName = "Learning MapsTests";
			productReference = 97D3AA9B1A2EBE91006C969C /* Learning MapsTests.xctest */;
			productType = "com.apple.product-type.bundle.unit-test";
		};
/* End PBXNativeTarget section */

/* Begin PBXProject section */
		97D3AA7E1A2EBE90006C969C /* Project object */ = {
			isa = PBXProject;
			attributes = {
				LastUpgradeCheck = 0610;
				ORGANIZATIONNAME = "Aaron Williamson";
				TargetAttributes = {
					97D3AA851A2EBE90006C969C = {
						CreatedOnToolsVersion = 6.1;
					};
					97D3AA9A1A2EBE91006C969C = {
						CreatedOnToolsVersion = 6.1;
						TestTargetID = 97D3AA851A2EBE90006C969C;
					};
				};
			};
			buildConfigurationList = 97D3AA811A2EBE90006C969C /* Build configuration list for PBXProject "Learning Maps" */;
			compatibilityVersion = "Xcode 3.2";
			developmentRegion = English;
			hasScannedForEncodings = 0;
			knownRegions = (
				en,
				Base,
			);
			mainGroup = 97D3AA7D1A2EBE90006C969C;
			productRefGroup = 97D3AA871A2EBE90006C969C /* Products */;
			projectDirPath = "";
			projectRoot = "";
			targets = (
				97D3AA851A2EBE90006C969C /* Learning Maps */,
				97D3AA9A1A2EBE91006C969C /* Learning MapsTests */,
			);
		};
/* End PBXProject section */

/* Begin PBXResourcesBuildPhase section */
		97D3AA841A2EBE90006C969C /* Resources */ = {
			isa = PBXResourcesBuildPhase;
			buildActionMask = 2147483647;
			files = (
				97D3AA911A2EBE91006C969C /* Main.storyboard in Resources */,
				97D3AA961A2EBE91006C969C /* LaunchScreen.xib in Resources */,
				97D3AA931A2EBE91006C969C /* Images.xcassets in Resources */,
			);
			runOnlyForDeploymentPostprocessing = 0;
		};
		97D3AA991A2EBE91006C969C /* Resources */ = {
			isa = PBXResourcesBuildPhase;
			buildActionMask = 2147483647;
			files = (
			);
			runOnlyForDeploymentPostprocessing = 0;
		};
/* End PBXResourcesBuildPhase section */

/* Begin PBXSourcesBuildPhase section */
		97D3AA821A2EBE90006C969C /* Sources */ = {
			isa = PBXSourcesBuildPhase;
			buildActionMask = 2147483647;
			files = (
				97D3AA8E1A2EBE90006C969C /* ViewController.swift in Sources */,
				97D3AA8C1A2EBE90006C969C /* AppDelegate.swift in Sources */,
			);
			runOnlyForDeploymentPostprocessing = 0;
		};
		97D3AA971A2EBE91006C969C /* Sources */ = {
			isa = PBXSourcesBuildPhase;
			buildActionMask = 2147483647;
			files = (
				97D3AAA21A2EBE91006C969C /* Learning_MapsTests.swift in Sources */,
			);
			runOnlyForDeploymentPostprocessing = 0;
		};
/* End PBXSourcesBuildPhase section */

/* Begin PBXTargetDependency section */
		97D3AA9D1A2EBE91006C969C /* PBXTargetDependency */ = {
			isa = PBXTargetDependency;
			target = 97D3AA851A2EBE90006C969C /* Learning Maps */;
			targetProxy = 97D3AA9C1A2EBE91006C969C /* PBXContainerItemProxy */;
		};
/* End PBXTargetDependency section */

/* Begin PBXVariantGroup section */
		97D3AA8F1A2EBE91006C969C /* Main.storyboard */ = {
			isa = PBXVariantGroup;
			children = (
				97D3AA901A2EBE91006C969C /* Base */,
			);
			name = Main.storyboard;
			sourceTree = "<group>";
		};
		97D3AA941A2EBE91006C969C /* LaunchScreen.xib */ = {
			isa = PBXVariantGroup;
			children = (
				97D3AA951A2EBE91006C969C /* Base */,
			);
			name = LaunchScreen.xib;
			sourceTree = "<group>";
		};
/* End PBXVariantGroup section */

/* Begin XCBuildConfiguration section */
		97D3AAA31A2EBE91006C969C /* Debug */ = {
			isa = XCBuildConfiguration;
			buildSettings = {
				ALWAYS_SEARCH_USER_PATHS = NO;
				CLANG_CXX_LANGUAGE_STANDARD = "gnu++0x";
				CLANG_CXX_LIBRARY = "libc++";
				CLANG_ENABLE_MODULES = YES;
				CLANG_ENABLE_OBJC_ARC = YES;
				CLANG_WARN_BOOL_CONVERSION = YES;
				CLANG_WARN_CONSTANT_CONVERSION = YES;
				CLANG_WARN_DIRECT_OBJC_ISA_USAGE = YES_ERROR;
				CLANG_WARN_EMPTY_BODY = YES;
				CLANG_WARN_ENUM_CONVERSION = YES;
				CLANG_WARN_INT_CONVERSION = YES;
				CLANG_WARN_OBJC_ROOT_CLASS = YES_ERROR;
				CLANG_WARN_UNREACHABLE_CODE = YES;
				CLANG_WARN__DUPLICATE_METHOD_MATCH = YES;
				"CODE_SIGN_IDENTITY[sdk=iphoneos*]" = "iPhone Developer";
				COPY_PHASE_STRIP = NO;
				ENABLE_STRICT_OBJC_MSGSEND = YES;
				GCC_C_LANGUAGE_STANDARD = gnu99;
				GCC_DYNAMIC_NO_PIC = NO;
				GCC_OPTIMIZATION_LEVEL = 0;
				GCC_PREPROCESSOR_DEFINITIONS = (
					"DEBUG=1",
					"$(inherited)",
				);
				GCC_SYMBOLS_PRIVATE_EXTERN = NO;
				GCC_WARN_64_TO_32_BIT_CONVERSION = YES;
				GCC_WARN_ABOUT_RETURN_TYPE = YES_ERROR;
				GCC_WARN_UNDECLARED_SELECTOR = YES;
				GCC_WARN_UNINITIALIZED_AUTOS = YES_AGGRESSIVE;
				GCC_WARN_UNUSED_FUNCTION = YES;
				GCC_WARN_UNUSED_VARIABLE = YES;
				IPHONEOS_DEPLOYMENT_TARGET = 8.1;
				MTL_ENABLE_DEBUG_INFO = YES;
				ONLY_ACTIVE_ARCH = YES;
				SDKROOT = iphoneos;
				SWIFT_OPTIMIZATION_LEVEL = "-Onone";
			};
			name = Debug;
		};
		97D3AAA41A2EBE91006C969C /* Release */ = {
			isa = XCBuildConfiguration;
			buildSettings = {
				ALWAYS_SEARCH_USER_PATHS = NO;
				CLANG_CXX_LANGUAGE_STANDARD = "gnu++0x";
				CLANG_CXX_LIBRARY = "libc++";
				CLANG_ENABLE_MODULES = YES;
				CLANG_ENABLE_OBJC_ARC = YES;
				CLANG_WARN_BOOL_CONVERSION = YES;
				CLANG_WARN_CONSTANT_CONVERSION = YES;
				CLANG_WARN_DIRECT_OBJC_ISA_USAGE = YES_ERROR;
				CLANG_WARN_EMPTY_BODY = YES;
				CLANG_WARN_ENUM_CONVERSION = YES;
				CLANG_WARN_INT_CONVERSION = YES;
				CLANG_WARN_OBJC_ROOT_CLASS = YES_ERROR;
				CLANG_WARN_UNREACHABLE_CODE = YES;
				CLANG_WARN__DUPLICATE_METHOD_MATCH = YES;
				"CODE_SIGN_IDENTITY[sdk=iphoneos*]" = "iPhone Developer";
				COPY_PHASE_STRIP = YES;
				ENABLE_NS_ASSERTIONS = NO;
				ENABLE_STRICT_OBJC_MSGSEND = YES;
				GCC_C_LANGUAGE_STANDARD = gnu99;
				GCC_WARN_64_TO_32_BIT_CONVERSION = YES;
				GCC_WARN_ABOUT_RETURN_TYPE = YES_ERROR;
				GCC_WARN_UNDECLARED_SELECTOR = YES;
				GCC_WARN_UNINITIALIZED_AUTOS = YES_AGGRESSIVE;
				GCC_WARN_UNUSED_FUNCTION = YES;
				GCC_WARN_UNUSED_VARIABLE = YES;
				IPHONEOS_DEPLOYMENT_TARGET = 8.1;
				MTL_ENABLE_DEBUG_INFO = NO;
				SDKROOT = iphoneos;
				VALIDATE_PRODUCT = YES;
			};
			name = Release;
		};
		97D3AAA61A2EBE91006C969C /* Debug */ = {
			isa = XCBuildConfiguration;
			buildSettings = {
				ASSETCATALOG_COMPILER_APPICON_NAME = AppIcon;
				INFOPLIST_FILE = "Learning Maps/Info.plist";
				LD_RUNPATH_SEARCH_PATHS = "$(inherited) @executable_path/Frameworks";
				PRODUCT_NAME = "$(TARGET_NAME)";
			};
			name = Debug;
		};
		97D3AAA71A2EBE91006C969C /* Release */ = {
			isa = XCBuildConfiguration;
			buildSettings = {
				ASSETCATALOG_COMPILER_APPICON_NAME = AppIcon;
				INFOPLIST_FILE = "Learning Maps/Info.plist";
				LD_RUNPATH_SEARCH_PATHS = "$(inherited) @executable_path/Frameworks";
				PRODUCT_NAME = "$(TARGET_NAME)";
			};
			name = Release;
		};
		97D3AAA91A2EBE91006C969C /* Debug */ = {
			isa = XCBuildConfiguration;
			buildSettings = {
				BUNDLE_LOADER = "$(TEST_HOST)";
				FRAMEWORK_SEARCH_PATHS = (
					"$(SDKROOT)/Developer/Library/Frameworks",
					"$(inherited)",
				);
				GCC_PREPROCESSOR_DEFINITIONS = (
					"DEBUG=1",
					"$(inherited)",
				);
				INFOPLIST_FILE = "Learning MapsTests/Info.plist";
				LD_RUNPATH_SEARCH_PATHS = "$(inherited) @executable_path/Frameworks @loader_path/Frameworks";
				PRODUCT_NAME = "$(TARGET_NAME)";
				TEST_HOST = "$(BUILT_PRODUCTS_DIR)/Learning Maps.app/Learning Maps";
			};
			name = Debug;
		};
		97D3AAAA1A2EBE91006C969C /* Release */ = {
			isa = XCBuildConfiguration;
			buildSettings = {
				BUNDLE_LOADER = "$(TEST_HOST)";
				FRAMEWORK_SEARCH_PATHS = (
					"$(SDKROOT)/Developer/Library/Frameworks",
					"$(inherited)",
				);
				INFOPLIST_FILE = "Learning MapsTests/Info.plist";
				LD_RUNPATH_SEARCH_PATHS = "$(inherited) @executable_path/Frameworks @loader_path/Frameworks";
				PRODUCT_NAME = "$(TARGET_NAME)";
				TEST_HOST = "$(BUILT_PRODUCTS_DIR)/Learning Maps.app/Learning Maps";
			};
			name = Release;
		};
/* End XCBuildConfiguration section */

/* Begin XCConfigurationList section */
		97D3AA811A2EBE90006C969C /* Build configuration list for PBXProject "Learning Maps" */ = {
			isa = XCConfigurationList;
			buildConfigurations = (
				97D3AAA31A2EBE91006C969C /* Debug */,
				97D3AAA41A2EBE91006C969C /* Release */,
			);
			defaultConfigurationIsVisible = 0;
			defaultConfigurationName = Release;
		};
		97D3AAA51A2EBE91006C969C /* Build configuration list for PBXNativeTarget "Learning Maps" */ = {
			isa = XCConfigurationList;
			buildConfigurations = (
				97D3AAA61A2EBE91006C969C /* Debug */,
				97D3AAA71A2EBE91006C969C /* Release */,
			);
			defaultConfigurationIsVisible = 0;
		};
		97D3AAA81A2EBE91006C969C /* Build configuration list for PBXNativeTarget "Learning MapsTests" */ = {
			isa = XCConfigurationList;
			buildConfigurations = (
				97D3AAA91A2EBE91006C969C /* Debug */,
				97D3AAAA1A2EBE91006C969C /* Release */,
			);
			defaultConfigurationIsVisible = 0;
		};
/* End XCConfigurationList section */
	};
	rootObject = 97D3AA7E1A2EBE90006C969C /* Project object */;
}
